
Microsoft Visual Studio Solution File, Format Version 12.00
# Visual Studio Version 17
VisualStudioVersion = 17.8.34316.72
MinimumVisualStudioVersion = 10.0.40219.1
Project("{2150E333-8FDC-42A3-9474-1A3956D46DE8}") = "Solution Items", "Solution Items", "{C9D66BA4-6B75-4637-AF7B-ABD12DFE3425}"
	ProjectSection(SolutionItems) = preProject
		DevelopersComments.txt = DevelopersComments.txt
		FreeStyle.docx = FreeStyle.docx
		NuGet_publish.txt = NuGet_publish.txt
	EndProjectSection
EndProject
Project("{9A19103F-16F7-4668-BE54-9A1E7A4F7556}") = "Polar.DB", "Polar.DB\Polar.DB.csproj", "{F60F3713-E85A-4305-9D39-3B98968794F3}"
EndProject
Project("{9A19103F-16F7-4668-BE54-9A1E7A4F7556}") = "Factograph.Data", "Factograph.Data\Factograph.Data.csproj", "{645A7EC5-EE11-4C91-95B8-E68E71CCC8D3}"
EndProject
Project("{2150E333-8FDC-42A3-9474-1A3956D46DE8}") = "unused", "unused", "{62B2A6CD-B737-429E-8943-DBFA56E73FC7}"
EndProject
Project("{9A19103F-16F7-4668-BE54-9A1E7A4F7556}") = "Polar.Cells", "oldandunused\Polar.Cells\Polar.Cells.csproj", "{9A4411AE-4B21-4453-ABA0-FC583CAC9B8F}"
EndProject
Project("{9A19103F-16F7-4668-BE54-9A1E7A4F7556}") = "Polar.CellIndexes", "oldandunused\Polar.CellIndexes\Polar.CellIndexes.csproj", "{A1B70227-D586-4DC6-B9A5-4F70A497C7B3}"
EndProject
Project("{9A19103F-16F7-4668-BE54-9A1E7A4F7556}") = "Polar.Datanode", "oldandunused\Polar.Datanode\Polar.Datanode.csproj", "{7EE378DB-0BA6-49B6-A162-E65F76902DD0}"
EndProject
Project("{9A19103F-16F7-4668-BE54-9A1E7A4F7556}") = "Polar.PagedStreams", "oldandunused\Polar.PagedStreams\Polar.PagedStreams.csproj", "{7062E450-6288-45C1-87BC-8765FAD08EE5}"
EndProject
Project("{9A19103F-16F7-4668-BE54-9A1E7A4F7556}") = "Polar.TripleStore", "oldandunused\TripleStore\Polar.TripleStore.csproj", "{F9C96853-C6B2-4041-BF99-AA657F2C106A}"
EndProject
Project("{9A19103F-16F7-4668-BE54-9A1E7A4F7556}") = "GetStarted", "Testing\GetStarted\GetStarted.csproj", "{C9DB55EC-0DFC-462D-B7B3-9F5BF161BA4F}"
EndProject
Project("{9A19103F-16F7-4668-BE54-9A1E7A4F7556}") = "GetStartedFactographData", "Testing\GetStartedFactographData\GetStartedFactographData.csproj", "{9D94A6D6-200F-4F59-B06D-55903C477C96}"
EndProject
Global
	GlobalSection(SolutionConfigurationPlatforms) = preSolution
		Debug|Any CPU = Debug|Any CPU
		Release|Any CPU = Release|Any CPU
	EndGlobalSection
	GlobalSection(ProjectConfigurationPlatforms) = postSolution
		{F60F3713-E85A-4305-9D39-3B98968794F3}.Debug|Any CPU.ActiveCfg = Debug|Any CPU
		{F60F3713-E85A-4305-9D39-3B98968794F3}.Debug|Any CPU.Build.0 = Debug|Any CPU
		{F60F3713-E85A-4305-9D39-3B98968794F3}.Release|Any CPU.ActiveCfg = Release|Any CPU
		{F60F3713-E85A-4305-9D39-3B98968794F3}.Release|Any CPU.Build.0 = Release|Any CPU
		{645A7EC5-EE11-4C91-95B8-E68E71CCC8D3}.Debug|Any CPU.ActiveCfg = Debug|Any CPU
		{645A7EC5-EE11-4C91-95B8-E68E71CCC8D3}.Debug|Any CPU.Build.0 = Debug|Any CPU
		{645A7EC5-EE11-4C91-95B8-E68E71CCC8D3}.Release|Any CPU.ActiveCfg = Release|Any CPU
		{645A7EC5-EE11-4C91-95B8-E68E71CCC8D3}.Release|Any CPU.Build.0 = Release|Any CPU
		{9A4411AE-4B21-4453-ABA0-FC583CAC9B8F}.Debug|Any CPU.ActiveCfg = Debug|Any CPU
		{9A4411AE-4B21-4453-ABA0-FC583CAC9B8F}.Debug|Any CPU.Build.0 = Debug|Any CPU
		{9A4411AE-4B21-4453-ABA0-FC583CAC9B8F}.Release|Any CPU.ActiveCfg = Release|Any CPU
		{9A4411AE-4B21-4453-ABA0-FC583CAC9B8F}.Release|Any CPU.Build.0 = Release|Any CPU
		{A1B70227-D586-4DC6-B9A5-4F70A497C7B3}.Debug|Any CPU.ActiveCfg = Debug|Any CPU
		{A1B70227-D586-4DC6-B9A5-4F70A497C7B3}.Debug|Any CPU.Build.0 = Debug|Any CPU
		{A1B70227-D586-4DC6-B9A5-4F70A497C7B3}.Release|Any CPU.ActiveCfg = Release|Any CPU
		{A1B70227-D586-4DC6-B9A5-4F70A497C7B3}.Release|Any CPU.Build.0 = Release|Any CPU
		{7EE378DB-0BA6-49B6-A162-E65F76902DD0}.Debug|Any CPU.ActiveCfg = Debug|Any CPU
		{7EE378DB-0BA6-49B6-A162-E65F76902DD0}.Debug|Any CPU.Build.0 = Debug|Any CPU
		{7EE378DB-0BA6-49B6-A162-E65F76902DD0}.Release|Any CPU.ActiveCfg = Release|Any CPU
		{7EE378DB-0BA6-49B6-A162-E65F76902DD0}.Release|Any CPU.Build.0 = Release|Any CPU
		{7062E450-6288-45C1-87BC-8765FAD08EE5}.Debug|Any CPU.ActiveCfg = Debug|Any CPU
		{7062E450-6288-45C1-87BC-8765FAD08EE5}.Debug|Any CPU.Build.0 = Debug|Any CPU
		{7062E450-6288-45C1-87BC-8765FAD08EE5}.Release|Any CPU.ActiveCfg = Release|Any CPU
		{7062E450-6288-45C1-87BC-8765FAD08EE5}.Release|Any CPU.Build.0 = Release|Any CPU
		{F9C96853-C6B2-4041-BF99-AA657F2C106A}.Debug|Any CPU.ActiveCfg = Debug|Any CPU
		{F9C96853-C6B2-4041-BF99-AA657F2C106A}.Debug|Any CPU.Build.0 = Debug|Any CPU
		{F9C96853-C6B2-4041-BF99-AA657F2C106A}.Release|Any CPU.ActiveCfg = Release|Any CPU
		{F9C96853-C6B2-4041-BF99-AA657F2C106A}.Release|Any CPU.Build.0 = Release|Any CPU
		{C9DB55EC-0DFC-462D-B7B3-9F5BF161BA4F}.Debug|Any CPU.ActiveCfg = Debug|Any CPU
		{C9DB55EC-0DFC-462D-B7B3-9F5BF161BA4F}.Debug|Any CPU.Build.0 = Debug|Any CPU
		{C9DB55EC-0DFC-462D-B7B3-9F5BF161BA4F}.Release|Any CPU.ActiveCfg = Release|Any CPU
		{C9DB55EC-0DFC-462D-B7B3-9F5BF161BA4F}.Release|Any CPU.Build.0 = Release|Any CPU
		{9D94A6D6-200F-4F59-B06D-55903C477C96}.Debug|Any CPU.ActiveCfg = Debug|Any CPU
		{9D94A6D6-200F-4F59-B06D-55903C477C96}.Debug|Any CPU.Build.0 = Debug|Any CPU
		{9D94A6D6-200F-4F59-B06D-55903C477C96}.Release|Any CPU.ActiveCfg = Release|Any CPU
		{9D94A6D6-200F-4F59-B06D-55903C477C96}.Release|Any CPU.Build.0 = Release|Any CPU
	EndGlobalSection
	GlobalSection(SolutionProperties) = preSolution
		HideSolutionNode = FALSE
	EndGlobalSection
	GlobalSection(NestedProjects) = preSolution
		{9A4411AE-4B21-4453-ABA0-FC583CAC9B8F} = {62B2A6CD-B737-429E-8943-DBFA56E73FC7}
		{A1B70227-D586-4DC6-B9A5-4F70A497C7B3} = {62B2A6CD-B737-429E-8943-DBFA56E73FC7}
		{7EE378DB-0BA6-49B6-A162-E65F76902DD0} = {62B2A6CD-B737-429E-8943-DBFA56E73FC7}
		{7062E450-6288-45C1-87BC-8765FAD08EE5} = {62B2A6CD-B737-429E-8943-DBFA56E73FC7}
		{F9C96853-C6B2-4041-BF99-AA657F2C106A} = {62B2A6CD-B737-429E-8943-DBFA56E73FC7}
	EndGlobalSection
	GlobalSection(ExtensibilityGlobals) = postSolution
		SolutionGuid = {B9C9E1B6-783F-4DC5-B9FC-DA245DC5C3E8}
	EndGlobalSection
EndGlobal
